
Microsoft Visual Studio Solution File, Format Version 12.00
# Visual Studio 15
VisualStudioVersion = 15.0.28307.489
MinimumVisualStudioVersion = 10.0.40219.1
Project("{FAE04EC0-301F-11D3-BF4B-00C04F79EFBC}") = "AppHHelpers", "AppHHelpers\AppHHelpers.csproj", "{CF33F9BA-4481-409A-A94B-36D515F35717}"
EndProject
Global
	GlobalSection(SolutionConfigurationPlatforms) = preSolution
		Debug|Any CPU = Debug|Any CPU
		Release|Any CPU = Release|Any CPU
	EndGlobalSection
	GlobalSection(ProjectConfigurationPlatforms) = postSolution
		{CF33F9BA-4481-409A-A94B-36D515F35717}.Debug|Any CPU.ActiveCfg = Debug|Any CPU
		{CF33F9BA-4481-409A-A94B-36D515F35717}.Debug|Any CPU.Build.0 = Debug|Any CPU
		{CF33F9BA-4481-409A-A94B-36D515F35717}.Release|Any CPU.ActiveCfg = Release|Any CPU
		{CF33F9BA-4481-409A-A94B-36D515F35717}.Release|Any CPU.Build.0 = Release|Any CPU
	EndGlobalSection
	GlobalSection(SolutionProperties) = preSolution
		HideSolutionNode = FALSE
	EndGlobalSection
	GlobalSection(ExtensibilityGlobals) = postSolution
		SolutionGuid = {54434911-00DE-443B-A804-9789EE9F14DB}
	EndGlobalSection
EndGlobal
